
Microsoft Visual Studio Solution File, Format Version 12.00
# Visual Studio Version 17
VisualStudioVersion = 17.0.31903.59
MinimumVisualStudioVersion = 10.0.40219.1
Project("{2150E333-8FDC-42A3-9474-1A3956D46DE8}") = "src", "src", "{827E0CD3-B72D-47B6-A68D-7590B98EB39B}"
EndProject
Project("{FAE04EC0-301F-11D3-BF4B-00C04F79EFBC}") = "DueQ.Domain", "src\DueQ.Domain\DueQ.Domain.csproj", "{24D7E771-3511-4195-B330-C6D6527F7CAB}"
EndProject
Project("{FAE04EC0-301F-11D3-BF4B-00C04F79EFBC}") = "DueQ.Application", "src\DueQ.Application\DueQ.Application.csproj", "{D15ADD56-40DB-4A8C-8867-E437C021B529}"
EndProject
Project("{FAE04EC0-301F-11D3-BF4B-00C04F79EFBC}") = "DueQ.Infrastructure", "src\DueQ.Infrastructure\DueQ.Infrastructure.csproj", "{7E940BBA-B01E-45B6-AED5-68DFFD907F19}"
EndProject
Project("{FAE04EC0-301F-11D3-BF4B-00C04F79EFBC}") = "DueQ.Api", "src\DueQ.Api\DueQ.Api.csproj", "{55A90069-C31A-4646-9A01-9FB8C08FDA8A}"
EndProject
Project("{2150E333-8FDC-42A3-9474-1A3956D46DE8}") = "tests", "tests", "{0AB3BF05-4346-4AA6-1389-037BE0695223}"
EndProject
Project("{FAE04EC0-301F-11D3-BF4B-00C04F79EFBC}") = "DueQ.Application.Tests", "tests\DueQ.Application.Tests\DueQ.Application.Tests.csproj", "{BA1A23BE-2C33-4ABD-9306-20052172A440}"
EndProject
Project("{FAE04EC0-301F-11D3-BF4B-00C04F79EFBC}") = "DocQ.Cli", "src\DocQ.Cli\DocQ.Cli.csproj", "{5FF83F7B-2C1D-4456-92BC-14FB28D131CB}"
EndProject
Global
	GlobalSection(SolutionConfigurationPlatforms) = preSolution
		Debug|Any CPU = Debug|Any CPU
		Debug|x64 = Debug|x64
		Debug|x86 = Debug|x86
		Release|Any CPU = Release|Any CPU
		Release|x64 = Release|x64
		Release|x86 = Release|x86
	EndGlobalSection
	GlobalSection(ProjectConfigurationPlatforms) = postSolution
		{24D7E771-3511-4195-B330-C6D6527F7CAB}.Debug|Any CPU.ActiveCfg = Debug|Any CPU
		{24D7E771-3511-4195-B330-C6D6527F7CAB}.Debug|Any CPU.Build.0 = Debug|Any CPU
		{24D7E771-3511-4195-B330-C6D6527F7CAB}.Debug|x64.ActiveCfg = Debug|Any CPU
		{24D7E771-3511-4195-B330-C6D6527F7CAB}.Debug|x64.Build.0 = Debug|Any CPU
		{24D7E771-3511-4195-B330-C6D6527F7CAB}.Debug|x86.ActiveCfg = Debug|Any CPU
		{24D7E771-3511-4195-B330-C6D6527F7CAB}.Debug|x86.Build.0 = Debug|Any CPU
		{24D7E771-3511-4195-B330-C6D6527F7CAB}.Release|Any CPU.ActiveCfg = Release|Any CPU
		{24D7E771-3511-4195-B330-C6D6527F7CAB}.Release|Any CPU.Build.0 = Release|Any CPU
		{24D7E771-3511-4195-B330-C6D6527F7CAB}.Release|x64.ActiveCfg = Release|Any CPU
		{24D7E771-3511-4195-B330-C6D6527F7CAB}.Release|x64.Build.0 = Release|Any CPU
		{24D7E771-3511-4195-B330-C6D6527F7CAB}.Release|x86.ActiveCfg = Release|Any CPU
		{24D7E771-3511-4195-B330-C6D6527F7CAB}.Release|x86.Build.0 = Release|Any CPU
		{D15ADD56-40DB-4A8C-8867-E437C021B529}.Debug|Any CPU.ActiveCfg = Debug|Any CPU
		{D15ADD56-40DB-4A8C-8867-E437C021B529}.Debug|Any CPU.Build.0 = Debug|Any CPU
		{D15ADD56-40DB-4A8C-8867-E437C021B529}.Debug|x64.ActiveCfg = Debug|Any CPU
		{D15ADD56-40DB-4A8C-8867-E437C021B529}.Debug|x64.Build.0 = Debug|Any CPU
		{D15ADD56-40DB-4A8C-8867-E437C021B529}.Debug|x86.ActiveCfg = Debug|Any CPU
		{D15ADD56-40DB-4A8C-8867-E437C021B529}.Debug|x86.Build.0 = Debug|Any CPU
		{D15ADD56-40DB-4A8C-8867-E437C021B529}.Release|Any CPU.ActiveCfg = Release|Any CPU
		{D15ADD56-40DB-4A8C-8867-E437C021B529}.Release|Any CPU.Build.0 = Release|Any CPU
		{D15ADD56-40DB-4A8C-8867-E437C021B529}.Release|x64.ActiveCfg = Release|Any CPU
		{D15ADD56-40DB-4A8C-8867-E437C021B529}.Release|x64.Build.0 = Release|Any CPU
		{D15ADD56-40DB-4A8C-8867-E437C021B529}.Release|x86.ActiveCfg = Release|Any CPU
		{D15ADD56-40DB-4A8C-8867-E437C021B529}.Release|x86.Build.0 = Release|Any CPU
		{7E940BBA-B01E-45B6-AED5-68DFFD907F19}.Debug|Any CPU.ActiveCfg = Debug|Any CPU
		{7E940BBA-B01E-45B6-AED5-68DFFD907F19}.Debug|Any CPU.Build.0 = Debug|Any CPU
		{7E940BBA-B01E-45B6-AED5-68DFFD907F19}.Debug|x64.ActiveCfg = Debug|Any CPU
		{7E940BBA-B01E-45B6-AED5-68DFFD907F19}.Debug|x64.Build.0 = Debug|Any CPU
		{7E940BBA-B01E-45B6-AED5-68DFFD907F19}.Debug|x86.ActiveCfg = Debug|Any CPU
		{7E940BBA-B01E-45B6-AED5-68DFFD907F19}.Debug|x86.Build.0 = Debug|Any CPU
		{7E940BBA-B01E-45B6-AED5-68DFFD907F19}.Release|Any CPU.ActiveCfg = Release|Any CPU
		{7E940BBA-B01E-45B6-AED5-68DFFD907F19}.Release|Any CPU.Build.0 = Release|Any CPU
		{7E940BBA-B01E-45B6-AED5-68DFFD907F19}.Release|x64.ActiveCfg = Release|Any CPU
		{7E940BBA-B01E-45B6-AED5-68DFFD907F19}.Release|x64.Build.0 = Release|Any CPU
		{7E940BBA-B01E-45B6-AED5-68DFFD907F19}.Release|x86.ActiveCfg = Release|Any CPU
		{7E940BBA-B01E-45B6-AED5-68DFFD907F19}.Release|x86.Build.0 = Release|Any CPU
		{55A90069-C31A-4646-9A01-9FB8C08FDA8A}.Debug|Any CPU.ActiveCfg = Debug|Any CPU
		{55A90069-C31A-4646-9A01-9FB8C08FDA8A}.Debug|Any CPU.Build.0 = Debug|Any CPU
		{55A90069-C31A-4646-9A01-9FB8C08FDA8A}.Debug|x64.ActiveCfg = Debug|Any CPU
		{55A90069-C31A-4646-9A01-9FB8C08FDA8A}.Debug|x64.Build.0 = Debug|Any CPU
		{55A90069-C31A-4646-9A01-9FB8C08FDA8A}.Debug|x86.ActiveCfg = Debug|Any CPU
		{55A90069-C31A-4646-9A01-9FB8C08FDA8A}.Debug|x86.Build.0 = Debug|Any CPU
		{55A90069-C31A-4646-9A01-9FB8C08FDA8A}.Release|Any CPU.ActiveCfg = Release|Any CPU
		{55A90069-C31A-4646-9A01-9FB8C08FDA8A}.Release|Any CPU.Build.0 = Release|Any CPU
		{55A90069-C31A-4646-9A01-9FB8C08FDA8A}.Release|x64.ActiveCfg = Release|Any CPU
		{55A90069-C31A-4646-9A01-9FB8C08FDA8A}.Release|x64.Build.0 = Release|Any CPU
		{55A90069-C31A-4646-9A01-9FB8C08FDA8A}.Release|x86.ActiveCfg = Release|Any CPU
		{55A90069-C31A-4646-9A01-9FB8C08FDA8A}.Release|x86.Build.0 = Release|Any CPU
		{BA1A23BE-2C33-4ABD-9306-20052172A440}.Debug|Any CPU.ActiveCfg = Debug|Any CPU
		{BA1A23BE-2C33-4ABD-9306-20052172A440}.Debug|Any CPU.Build.0 = Debug|Any CPU
		{BA1A23BE-2C33-4ABD-9306-20052172A440}.Debug|x64.ActiveCfg = Debug|Any CPU
		{BA1A23BE-2C33-4ABD-9306-20052172A440}.Debug|x64.Build.0 = Debug|Any CPU
		{BA1A23BE-2C33-4ABD-9306-20052172A440}.Debug|x86.ActiveCfg = Debug|Any CPU
		{BA1A23BE-2C33-4ABD-9306-20052172A440}.Debug|x86.Build.0 = Debug|Any CPU
		{BA1A23BE-2C33-4ABD-9306-20052172A440}.Release|Any CPU.ActiveCfg = Release|Any CPU
		{BA1A23BE-2C33-4ABD-9306-20052172A440}.Release|Any CPU.Build.0 = Release|Any CPU
		{BA1A23BE-2C33-4ABD-9306-20052172A440}.Release|x64.ActiveCfg = Release|Any CPU
		{BA1A23BE-2C33-4ABD-9306-20052172A440}.Release|x64.Build.0 = Release|Any CPU
		{BA1A23BE-2C33-4ABD-9306-20052172A440}.Release|x86.ActiveCfg = Release|Any CPU
		{BA1A23BE-2C33-4ABD-9306-20052172A440}.Release|x86.Build.0 = Release|Any CPU
		{5FF83F7B-2C1D-4456-92BC-14FB28D131CB}.Debug|Any CPU.ActiveCfg = Debug|Any CPU
		{5FF83F7B-2C1D-4456-92BC-14FB28D131CB}.Debug|Any CPU.Build.0 = Debug|Any CPU
		{5FF83F7B-2C1D-4456-92BC-14FB28D131CB}.Debug|x64.ActiveCfg = Debug|Any CPU
		{5FF83F7B-2C1D-4456-92BC-14FB28D131CB}.Debug|x64.Build.0 = Debug|Any CPU
		{5FF83F7B-2C1D-4456-92BC-14FB28D131CB}.Debug|x86.ActiveCfg = Debug|Any CPU
		{5FF83F7B-2C1D-4456-92BC-14FB28D131CB}.Debug|x86.Build.0 = Debug|Any CPU
		{5FF83F7B-2C1D-4456-92BC-14FB28D131CB}.Release|Any CPU.ActiveCfg = Release|Any CPU
		{5FF83F7B-2C1D-4456-92BC-14FB28D131CB}.Release|Any CPU.Build.0 = Release|Any CPU
		{5FF83F7B-2C1D-4456-92BC-14FB28D131CB}.Release|x64.ActiveCfg = Release|Any CPU
		{5FF83F7B-2C1D-4456-92BC-14FB28D131CB}.Release|x64.Build.0 = Release|Any CPU
		{5FF83F7B-2C1D-4456-92BC-14FB28D131CB}.Release|x86.ActiveCfg = Release|Any CPU
		{5FF83F7B-2C1D-4456-92BC-14FB28D131CB}.Release|x86.Build.0 = Release|Any CPU
	EndGlobalSection
	GlobalSection(SolutionProperties) = preSolution
		HideSolutionNode = FALSE
	EndGlobalSection
	GlobalSection(NestedProjects) = preSolution
		{24D7E771-3511-4195-B330-C6D6527F7CAB} = {827E0CD3-B72D-47B6-A68D-7590B98EB39B}
		{D15ADD56-40DB-4A8C-8867-E437C021B529} = {827E0CD3-B72D-47B6-A68D-7590B98EB39B}
		{7E940BBA-B01E-45B6-AED5-68DFFD907F19} = {827E0CD3-B72D-47B6-A68D-7590B98EB39B}
		{55A90069-C31A-4646-9A01-9FB8C08FDA8A} = {827E0CD3-B72D-47B6-A68D-7590B98EB39B}
		{BA1A23BE-2C33-4ABD-9306-20052172A440} = {0AB3BF05-4346-4AA6-1389-037BE0695223}
		{5FF83F7B-2C1D-4456-92BC-14FB28D131CB} = {827E0CD3-B72D-47B6-A68D-7590B98EB39B}
	EndGlobalSection
EndGlobal
